{
  "name": "WomenDay",
  "lockfileVersion": 2,
  "requires": true,
  "packages": {
    "": {
      "dependencies": {
        "gl-matrix-vec2": "^2.2.1-npm"
      }
    },
    "node_modules/gl-matrix-common": {
      "version": "2.2.1-npm",
      "resolved": "https://registry.npmjs.org/gl-matrix-common/-/gl-matrix-common-2.2.1-npm.tgz",
      "integrity": "sha1-YLmzbA8akqRAb7hfg3Rd9nIN9Pw="
    },
    "node_modules/gl-matrix-vec2": {
      "version": "2.2.1-npm",
      "resolved": "https://registry.npmjs.org/gl-matrix-vec2/-/gl-matrix-vec2-2.2.1-npm.tgz",
      "integrity": "sha1-gaB59a1hDneMQ1cgqz0DmRooOFw=",
      "dependencies": {
        "gl-matrix-common": "2.2.1-npm"
      }
    }
  },
  "dependencies": {
    "gl-matrix-common": {
      "version": "2.2.1-npm",
      "resolved": "https://registry.npmjs.org/gl-matrix-common/-/gl-matrix-common-2.2.1-npm.tgz",
      "integrity": "sha1-YLmzbA8akqRAb7hfg3Rd9nIN9Pw="
    },
    "gl-matrix-vec2": {
      "version": "2.2.1-npm",
      "resolved": "https://registry.npmjs.org/gl-matrix-vec2/-/gl-matrix-vec2-2.2.1-npm.tgz",
      "integrity": "sha1-gaB59a1hDneMQ1cgqz0DmRooOFw=",
      "requires": {
        "gl-matrix-common": "2.2.1-npm"
      }
    }
  }
}
